
Microsoft Visual Studio Solution File, Format Version 12.00
# Visual Studio Version 17
VisualStudioVersion = 17.11.35222.181
MinimumVisualStudioVersion = 10.0.40219.1
Project("{2150E333-8FDC-42A3-9474-1A3956D46DE8}") = "src", "src", "{4959E594-1A33-4A56-AA43-66DEEBAD8F34}"
EndProject
Project("{2150E333-8FDC-42A3-9474-1A3956D46DE8}") = "tests", "tests", "{AC5281D6-42A8-427E-AFF9-378628E6C0BF}"
EndProject
Project("{2150E333-8FDC-42A3-9474-1A3956D46DE8}") = "Backend", "Backend", "{D26FC35D-095E-4FE5-88DD-F7A91B94AE18}"
EndProject
Project("{2150E333-8FDC-42A3-9474-1A3956D46DE8}") = "Shared", "Shared", "{08BFF2F1-D50A-4744-A429-E587DF565D0E}"
EndProject
Project("{9A19103F-16F7-4668-BE54-9A1E7A4F7556}") = "Agenda.Api", "src\Backend\Agenda.Api\Agenda.Api.csproj", "{C3F7FFF8-A341-4D87-A518-262B26F8E042}"
EndProject
Project("{9A19103F-16F7-4668-BE54-9A1E7A4F7556}") = "Agenda.Application", "src\Backend\Agenda.Application\Agenda.Application.csproj", "{F3FB7C3D-EF94-4A46-A56E-8AB7609DB936}"
EndProject
Project("{9A19103F-16F7-4668-BE54-9A1E7A4F7556}") = "Agenda.Infrastructure", "src\Backend\Agenda.Infrastructure\Agenda.Infrastructure.csproj", "{3D6DCB33-E6C7-4439-B722-91251FABC526}"
EndProject
Project("{9A19103F-16F7-4668-BE54-9A1E7A4F7556}") = "Agenda.Domain", "src\Backend\Agenda.Domain\Agenda.Domain.csproj", "{3539203D-DAB3-4F80-8E80-86F9E1F30D7A}"
EndProject
Project("{9A19103F-16F7-4668-BE54-9A1E7A4F7556}") = "Agenda.Communication", "src\Shared\Agenda.Communication\Agenda.Communication.csproj", "{1789EDBD-B7F9-4537-BCCE-EC193AB7B359}"
EndProject
Project("{9A19103F-16F7-4668-BE54-9A1E7A4F7556}") = "Tests.CommonUtilities", "tests\Tests.CommonUtilities\Tests.CommonUtilities.csproj", "{52C0F098-33F6-416F-973A-EB5567058C6A}"
EndProject
Project("{9A19103F-16F7-4668-BE54-9A1E7A4F7556}") = "Tests.Usecase", "tests\Tests.Usecase\Tests.Usecase.csproj", "{FEA56107-2E28-4355-8437-90C37E3CF104}"
EndProject
Project("{9A19103F-16F7-4668-BE54-9A1E7A4F7556}") = "Tests.Api", "tests\Tests.Api\Tests.Api.csproj", "{20923295-43E6-4731-8E1E-81E94DBD4C65}"
EndProject
Project("{9A19103F-16F7-4668-BE54-9A1E7A4F7556}") = "Tests.Validator", "tests\Tests.Validator\Tests.Validator.csproj", "{4FAC2BAC-DBEA-4DA2-A253-E9C18E482F18}"
EndProject
Project("{9A19103F-16F7-4668-BE54-9A1E7A4F7556}") = "Tests.Domain", "tests\Tests.Domain\Tests.Domain.csproj", "{FA9CFA32-6E8A-49A2-8305-B2FE89D66F6F}"
EndProject
Project("{FAE04EC0-301F-11D3-BF4B-00C04F79EFBC}") = "Agenda.Error", "src\Shared\Agenda.Error\Agenda.Error.csproj", "{399457D8-C2AF-45D2-9366-95119F9326AB}"
EndProject
Global
	GlobalSection(SolutionConfigurationPlatforms) = preSolution
		Debug|Any CPU = Debug|Any CPU
		Release|Any CPU = Release|Any CPU
	EndGlobalSection
	GlobalSection(ProjectConfigurationPlatforms) = postSolution
		{C3F7FFF8-A341-4D87-A518-262B26F8E042}.Debug|Any CPU.ActiveCfg = Debug|Any CPU
		{C3F7FFF8-A341-4D87-A518-262B26F8E042}.Debug|Any CPU.Build.0 = Debug|Any CPU
		{C3F7FFF8-A341-4D87-A518-262B26F8E042}.Release|Any CPU.ActiveCfg = Release|Any CPU
		{C3F7FFF8-A341-4D87-A518-262B26F8E042}.Release|Any CPU.Build.0 = Release|Any CPU
		{F3FB7C3D-EF94-4A46-A56E-8AB7609DB936}.Debug|Any CPU.ActiveCfg = Debug|Any CPU
		{F3FB7C3D-EF94-4A46-A56E-8AB7609DB936}.Debug|Any CPU.Build.0 = Debug|Any CPU
		{F3FB7C3D-EF94-4A46-A56E-8AB7609DB936}.Release|Any CPU.ActiveCfg = Release|Any CPU
		{F3FB7C3D-EF94-4A46-A56E-8AB7609DB936}.Release|Any CPU.Build.0 = Release|Any CPU
		{3D6DCB33-E6C7-4439-B722-91251FABC526}.Debug|Any CPU.ActiveCfg = Debug|Any CPU
		{3D6DCB33-E6C7-4439-B722-91251FABC526}.Debug|Any CPU.Build.0 = Debug|Any CPU
		{3D6DCB33-E6C7-4439-B722-91251FABC526}.Release|Any CPU.ActiveCfg = Release|Any CPU
		{3D6DCB33-E6C7-4439-B722-91251FABC526}.Release|Any CPU.Build.0 = Release|Any CPU
		{3539203D-DAB3-4F80-8E80-86F9E1F30D7A}.Debug|Any CPU.ActiveCfg = Debug|Any CPU
		{3539203D-DAB3-4F80-8E80-86F9E1F30D7A}.Debug|Any CPU.Build.0 = Debug|Any CPU
		{3539203D-DAB3-4F80-8E80-86F9E1F30D7A}.Release|Any CPU.ActiveCfg = Release|Any CPU
		{3539203D-DAB3-4F80-8E80-86F9E1F30D7A}.Release|Any CPU.Build.0 = Release|Any CPU
		{1789EDBD-B7F9-4537-BCCE-EC193AB7B359}.Debug|Any CPU.ActiveCfg = Debug|Any CPU
		{1789EDBD-B7F9-4537-BCCE-EC193AB7B359}.Debug|Any CPU.Build.0 = Debug|Any CPU
		{1789EDBD-B7F9-4537-BCCE-EC193AB7B359}.Release|Any CPU.ActiveCfg = Release|Any CPU
		{1789EDBD-B7F9-4537-BCCE-EC193AB7B359}.Release|Any CPU.Build.0 = Release|Any CPU
		{52C0F098-33F6-416F-973A-EB5567058C6A}.Debug|Any CPU.ActiveCfg = Debug|Any CPU
		{52C0F098-33F6-416F-973A-EB5567058C6A}.Debug|Any CPU.Build.0 = Debug|Any CPU
		{52C0F098-33F6-416F-973A-EB5567058C6A}.Release|Any CPU.ActiveCfg = Release|Any CPU
		{52C0F098-33F6-416F-973A-EB5567058C6A}.Release|Any CPU.Build.0 = Release|Any CPU
		{FEA56107-2E28-4355-8437-90C37E3CF104}.Debug|Any CPU.ActiveCfg = Debug|Any CPU
		{FEA56107-2E28-4355-8437-90C37E3CF104}.Debug|Any CPU.Build.0 = Debug|Any CPU
		{FEA56107-2E28-4355-8437-90C37E3CF104}.Release|Any CPU.ActiveCfg = Release|Any CPU
		{FEA56107-2E28-4355-8437-90C37E3CF104}.Release|Any CPU.Build.0 = Release|Any CPU
		{20923295-43E6-4731-8E1E-81E94DBD4C65}.Debug|Any CPU.ActiveCfg = Debug|Any CPU
		{20923295-43E6-4731-8E1E-81E94DBD4C65}.Debug|Any CPU.Build.0 = Debug|Any CPU
		{20923295-43E6-4731-8E1E-81E94DBD4C65}.Release|Any CPU.ActiveCfg = Release|Any CPU
		{20923295-43E6-4731-8E1E-81E94DBD4C65}.Release|Any CPU.Build.0 = Release|Any CPU
		{4FAC2BAC-DBEA-4DA2-A253-E9C18E482F18}.Debug|Any CPU.ActiveCfg = Debug|Any CPU
		{4FAC2BAC-DBEA-4DA2-A253-E9C18E482F18}.Debug|Any CPU.Build.0 = Debug|Any CPU
		{4FAC2BAC-DBEA-4DA2-A253-E9C18E482F18}.Release|Any CPU.ActiveCfg = Release|Any CPU
		{4FAC2BAC-DBEA-4DA2-A253-E9C18E482F18}.Release|Any CPU.Build.0 = Release|Any CPU
		{FA9CFA32-6E8A-49A2-8305-B2FE89D66F6F}.Debug|Any CPU.ActiveCfg = Debug|Any CPU
		{FA9CFA32-6E8A-49A2-8305-B2FE89D66F6F}.Debug|Any CPU.Build.0 = Debug|Any CPU
		{FA9CFA32-6E8A-49A2-8305-B2FE89D66F6F}.Release|Any CPU.ActiveCfg = Release|Any CPU
		{FA9CFA32-6E8A-49A2-8305-B2FE89D66F6F}.Release|Any CPU.Build.0 = Release|Any CPU
		{399457D8-C2AF-45D2-9366-95119F9326AB}.Debug|Any CPU.ActiveCfg = Debug|Any CPU
		{399457D8-C2AF-45D2-9366-95119F9326AB}.Debug|Any CPU.Build.0 = Debug|Any CPU
		{399457D8-C2AF-45D2-9366-95119F9326AB}.Release|Any CPU.ActiveCfg = Release|Any CPU
		{399457D8-C2AF-45D2-9366-95119F9326AB}.Release|Any CPU.Build.0 = Release|Any CPU
	EndGlobalSection
	GlobalSection(SolutionProperties) = preSolution
		HideSolutionNode = FALSE
	EndGlobalSection
	GlobalSection(NestedProjects) = preSolution
		{D26FC35D-095E-4FE5-88DD-F7A91B94AE18} = {4959E594-1A33-4A56-AA43-66DEEBAD8F34}
		{08BFF2F1-D50A-4744-A429-E587DF565D0E} = {4959E594-1A33-4A56-AA43-66DEEBAD8F34}
		{C3F7FFF8-A341-4D87-A518-262B26F8E042} = {D26FC35D-095E-4FE5-88DD-F7A91B94AE18}
		{F3FB7C3D-EF94-4A46-A56E-8AB7609DB936} = {D26FC35D-095E-4FE5-88DD-F7A91B94AE18}
		{3D6DCB33-E6C7-4439-B722-91251FABC526} = {D26FC35D-095E-4FE5-88DD-F7A91B94AE18}
		{3539203D-DAB3-4F80-8E80-86F9E1F30D7A} = {D26FC35D-095E-4FE5-88DD-F7A91B94AE18}
		{1789EDBD-B7F9-4537-BCCE-EC193AB7B359} = {08BFF2F1-D50A-4744-A429-E587DF565D0E}
		{52C0F098-33F6-416F-973A-EB5567058C6A} = {AC5281D6-42A8-427E-AFF9-378628E6C0BF}
		{FEA56107-2E28-4355-8437-90C37E3CF104} = {AC5281D6-42A8-427E-AFF9-378628E6C0BF}
		{20923295-43E6-4731-8E1E-81E94DBD4C65} = {AC5281D6-42A8-427E-AFF9-378628E6C0BF}
		{4FAC2BAC-DBEA-4DA2-A253-E9C18E482F18} = {AC5281D6-42A8-427E-AFF9-378628E6C0BF}
		{FA9CFA32-6E8A-49A2-8305-B2FE89D66F6F} = {AC5281D6-42A8-427E-AFF9-378628E6C0BF}
		{399457D8-C2AF-45D2-9366-95119F9326AB} = {08BFF2F1-D50A-4744-A429-E587DF565D0E}
	EndGlobalSection
	GlobalSection(ExtensibilityGlobals) = postSolution
		SolutionGuid = {D64A5F38-15F3-488A-8AA7-1BDAFC4C287E}
	EndGlobalSection
EndGlobal
